# This file was autogenerated by Stack.
# You should not edit this file by hand.
# For more information, please see the documentation at:
#   https://docs.haskellstack.org/en/stable/lock_files

packages:
- completed:
    hackage: aws-0.22@sha256:dbf0feaa2c9ea227f2649caab042a4729b75fd87f7e83031cbe3fc4d2eac6639,14969
    pantry-tree:
      size: 7591
      sha256: c334e3c7c96120976877cca73265e3c7b70c09fd785d3a9613e665344867020a
  original:
    hackage: aws-0.22
- completed:
    hackage: direct-sqlite-2.3.26@sha256:04e835402f1508abca383182023e4e2b9b86297b8533afbd4e57d1a5652e0c23,3718
    pantry-tree:
      size: 770
      sha256: 11874ab21e10c5b54cd1e02a037b677dc1e2ee9986f38c599612c56654dc01c3
  original:
    hackage: direct-sqlite-2.3.26
- completed:
    size: 60698
    url: https://github.com/jgm/cheapskate/archive/7287cfd8f08c4c49e4ad4f300b5b19c4377cb094.tar.gz
    name: cheapskate
    version: 0.1.1.2
    sha256: ddd4607a791d3f9a99196e988460c9183b635ad5587d96817d7a5051b766e9c3
    pantry-tree:
      size: 12002
      sha256: 1d40da8909e4f94679560da7d194641bf1e4d21154606acbf3294c5bf3c0491b
  original:
    url: https://github.com/jgm/cheapskate/archive/7287cfd8f08c4c49e4ad4f300b5b19c4377cb094.tar.gz
- completed:
    size: 7370
    url: https://github.com/GuillaumeDesforges/inliterate/archive/1a7e082d1106e11466e16fbb4707837c7b6e9761.tar.gz
    name: inliterate
    version: 0.2.0
    sha256: 13a81dcc92473d9fde41a7c85d19861ebd292e9677ad518bd4663bbbf1d37ba1
    pantry-tree:
      size: 902
      sha256: 286e2db2bb464eaf55d24e5ce1750f7c2c628b4149ad31620282bd429b20c383
  original:
    url: https://github.com/GuillaumeDesforges/inliterate/archive/1a7e082d1106e11466e16fbb4707837c7b6e9761.tar.gz
- completed:
    size: 38444
    subdir: kernmantle
    url: https://github.com/tweag/kernmantle/archive/79e5cf5ecfe73f41206aa78930256a2f171bc9b8.tar.gz
    name: kernmantle
    version: 0.1.0.0
    sha256: baff549e8c0d430769d4b6873b1dfca38fd50b1be0376c42a732b7182c627357
    pantry-tree:
      size: 882
      sha256: e1b9d0ddb6f2b50d094ba3689c4986c71ad2753624e43e65bc9632b91529ca21
  original:
    subdir: kernmantle
    url: https://github.com/tweag/kernmantle/archive/79e5cf5ecfe73f41206aa78930256a2f171bc9b8.tar.gz
- completed:
    size: 38444
    subdir: batteries
    url: https://github.com/tweag/kernmantle/archive/79e5cf5ecfe73f41206aa78930256a2f171bc9b8.tar.gz
    name: kernmantle-batteries
    version: 0.1.0.0
    sha256: baff549e8c0d430769d4b6873b1dfca38fd50b1be0376c42a732b7182c627357
    pantry-tree:
      size: 198
      sha256: 0856d72ebd1a13b2aa85904481b384f0ed560da814927d6d08422f3b0024ef9d
  original:
    subdir: batteries
    url: https://github.com/tweag/kernmantle/archive/79e5cf5ecfe73f41206aa78930256a2f171bc9b8.tar.gz
- completed:
    size: 38444
    subdir: caching
    url: https://github.com/tweag/kernmantle/archive/79e5cf5ecfe73f41206aa78930256a2f171bc9b8.tar.gz
    name: kernmantle-caching
    version: 0.1.0.0
    sha256: baff549e8c0d430769d4b6873b1dfca38fd50b1be0376c42a732b7182c627357
    pantry-tree:
      size: 323
      sha256: f6f382b4143881d83e0ce12789db89e7bdde8a8f0084c4543fcaa7cc5cde2c5e
  original:
    subdir: caching
    url: https://github.com/tweag/kernmantle/archive/79e5cf5ecfe73f41206aa78930256a2f171bc9b8.tar.gz
- completed:
    size: 760967
    subdir: .
    url: https://github.com/gibiansky/IHaskell/archive/ef698157f44960566687a308e3455b5ba031eb43.tar.gz
    name: ihaskell
    version: 0.10.1.2
    sha256: fe8a404e5aaa9e46321a691beab1425ebf6497e659c0157dd92604846e13f6a4
    pantry-tree:
      size: 17418
      sha256: 740a45bd3a5cf03e2d98aaf9cc36853a31c1a5f241f902ee53de3df4f930afc4
  original:
    subdir: .
    url: https://github.com/gibiansky/IHaskell/archive/ef698157f44960566687a308e3455b5ba031eb43.tar.gz
- completed:
    size: 760967
    subdir: ipython-kernel
    url: https://github.com/gibiansky/IHaskell/archive/ef698157f44960566687a308e3455b5ba031eb43.tar.gz
    name: ipython-kernel
    version: 0.10.2.1
    sha256: fe8a404e5aaa9e46321a691beab1425ebf6497e659c0157dd92604846e13f6a4
    pantry-tree:
      size: 792
      sha256: a8f039d2f5ca5a92d47be1158e44f87faae95cfd2d410afd400df578fe071569
  original:
    subdir: ipython-kernel
    url: https://github.com/gibiansky/IHaskell/archive/ef698157f44960566687a308e3455b5ba031eb43.tar.gz
- completed:
    size: 760967
    subdir: ghc-parser
    url: https://github.com/gibiansky/IHaskell/archive/ef698157f44960566687a308e3455b5ba031eb43.tar.gz
    name: ghc-parser
    version: 0.2.2.0
    sha256: fe8a404e5aaa9e46321a691beab1425ebf6497e659c0157dd92604846e13f6a4
    pantry-tree:
      size: 488
      sha256: c74b51af6ff33494bea70a91a3a158554b00ea4a35c5b95e91b26296359d41c6
  original:
    subdir: ghc-parser
    url: https://github.com/gibiansky/IHaskell/archive/ef698157f44960566687a308e3455b5ba031eb43.tar.gz
- completed:
    size: 760967
    subdir: ihaskell-display/ihaskell-aeson
    url: https://github.com/gibiansky/IHaskell/archive/ef698157f44960566687a308e3455b5ba031eb43.tar.gz
    name: ihaskell-aeson
    version: 0.3.0.1
    sha256: fe8a404e5aaa9e46321a691beab1425ebf6497e659c0157dd92604846e13f6a4
    pantry-tree:
      size: 223
      sha256: a623867319b8f0ca52fe92593d87b7ebd6bdd10c3bc766b45f62855ed9e8b77e
  original:
    subdir: ihaskell-display/ihaskell-aeson
    url: https://github.com/gibiansky/IHaskell/archive/ef698157f44960566687a308e3455b5ba031eb43.tar.gz
- completed:
    size: 760967
    subdir: ihaskell-display/ihaskell-blaze
    url: https://github.com/gibiansky/IHaskell/archive/ef698157f44960566687a308e3455b5ba031eb43.tar.gz
    name: ihaskell-blaze
    version: 0.3.0.1
    sha256: fe8a404e5aaa9e46321a691beab1425ebf6497e659c0157dd92604846e13f6a4
    pantry-tree:
      size: 223
      sha256: 49433ec399b62d24879c14254f4b9153cf96664fe66418b0ff4ad2c98875082a
  original:
    subdir: ihaskell-display/ihaskell-blaze
    url: https://github.com/gibiansky/IHaskell/archive/ef698157f44960566687a308e3455b5ba031eb43.tar.gz
- completed:
    size: 760967
    subdir: ihaskell-display/ihaskell-charts
    url: https://github.com/gibiansky/IHaskell/archive/ef698157f44960566687a308e3455b5ba031eb43.tar.gz
    name: ihaskell-charts
    version: 0.3.0.1
    sha256: fe8a404e5aaa9e46321a691beab1425ebf6497e659c0157dd92604846e13f6a4
    pantry-tree:
      size: 278
      sha256: 8ee62bd14f3f67672d64f4890ddd12954ebb3978938e9b8a6f94d16b2ab88da0
  original:
    subdir: ihaskell-display/ihaskell-charts
    url: https://github.com/gibiansky/IHaskell/archive/ef698157f44960566687a308e3455b5ba031eb43.tar.gz
- completed:
    size: 760967
    subdir: ihaskell-display/ihaskell-diagrams
    url: https://github.com/gibiansky/IHaskell/archive/ef698157f44960566687a308e3455b5ba031eb43.tar.gz
    name: ihaskell-diagrams
    version: 0.3.2.1
    sha256: fe8a404e5aaa9e46321a691beab1425ebf6497e659c0157dd92604846e13f6a4
    pantry-tree:
      size: 437
      sha256: bd00289b25a1a1fd67f961361bd1a63b5da0e5fa04caee512cee3a59b053d690
  original:
    subdir: ihaskell-display/ihaskell-diagrams
    url: https://github.com/gibiansky/IHaskell/archive/ef698157f44960566687a308e3455b5ba031eb43.tar.gz
- completed:
    size: 760967
    subdir: ihaskell-display/ihaskell-gnuplot
    url: https://github.com/gibiansky/IHaskell/archive/ef698157f44960566687a308e3455b5ba031eb43.tar.gz
    name: ihaskell-gnuplot
    version: 0.1.0.1
    sha256: fe8a404e5aaa9e46321a691beab1425ebf6497e659c0157dd92604846e13f6a4
    pantry-tree:
      size: 228
      sha256: eade3e7f1723b3477e5d5b23f361a5504da45764ef5c57b31f8e0db40d890327
  original:
    subdir: ihaskell-display/ihaskell-gnuplot
    url: https://github.com/gibiansky/IHaskell/archive/ef698157f44960566687a308e3455b5ba031eb43.tar.gz
- completed:
    size: 760967
    subdir: ihaskell-display/ihaskell-hatex
    url: https://github.com/gibiansky/IHaskell/archive/ef698157f44960566687a308e3455b5ba031eb43.tar.gz
    name: ihaskell-hatex
    version: 0.2.1.1
    sha256: fe8a404e5aaa9e46321a691beab1425ebf6497e659c0157dd92604846e13f6a4
    pantry-tree:
      size: 270
      sha256: 65f8aceba35d40496d41ae89af624bef67fe9bf17e6ae2eaefbe5599dbeddd2f
  original:
    subdir: ihaskell-display/ihaskell-hatex
    url: https://github.com/gibiansky/IHaskell/archive/ef698157f44960566687a308e3455b5ba031eb43.tar.gz
- completed:
    size: 760967
    subdir: ihaskell-display/ihaskell-juicypixels
    url: https://github.com/gibiansky/IHaskell/archive/ef698157f44960566687a308e3455b5ba031eb43.tar.gz
    name: ihaskell-juicypixels
    version: 1.1.0.1
    sha256: fe8a404e5aaa9e46321a691beab1425ebf6497e659c0157dd92604846e13f6a4
    pantry-tree:
      size: 287
      sha256: 8be7961da5a33b5cc1ba563cf7962dcec375d60942d867f6f826b99d0358fe9b
  original:
    subdir: ihaskell-display/ihaskell-juicypixels
    url: https://github.com/gibiansky/IHaskell/archive/ef698157f44960566687a308e3455b5ba031eb43.tar.gz
- completed:
    size: 760967
    subdir: ihaskell-display/ihaskell-magic
    url: https://github.com/gibiansky/IHaskell/archive/ef698157f44960566687a308e3455b5ba031eb43.tar.gz
    name: ihaskell-magic
    version: 0.3.0.1
    sha256: fe8a404e5aaa9e46321a691beab1425ebf6497e659c0157dd92604846e13f6a4
    pantry-tree:
      size: 273
      sha256: 95ded18ca9c8f34e43c04ceb83aa2d1e9cd5be885216cf5c30bb728f7b1283d8
  original:
    subdir: ihaskell-display/ihaskell-magic
    url: https://github.com/gibiansky/IHaskell/archive/ef698157f44960566687a308e3455b5ba031eb43.tar.gz
- completed:
    size: 760967
    subdir: ihaskell-display/ihaskell-widgets
    url: https://github.com/gibiansky/IHaskell/archive/ef698157f44960566687a308e3455b5ba031eb43.tar.gz
    name: ihaskell-widgets
    version: 0.2.3.3
    sha256: fe8a404e5aaa9e46321a691beab1425ebf6497e659c0157dd92604846e13f6a4
    pantry-tree:
      size: 3984
      sha256: 077e68996cf7f0bf8176c5a55767236a3f1f8b6e7c20cda2810ef0572de9ef70
  original:
    subdir: ihaskell-display/ihaskell-widgets
    url: https://github.com/gibiansky/IHaskell/archive/ef698157f44960566687a308e3455b5ba031eb43.tar.gz
- completed:
    size: 9026963
    subdir: ihaskell-hvega
    url: https://github.com/DougBurke/hvega/archive/58a6861a3ebecdfe2ade149c1bff3064341fee33.tar.gz
    name: ihaskell-hvega
    version: 0.3.1.0
    sha256: 07cd97a860baac6f92586d1b35fc2530462f2c12ee26ca01e66bb2f7f1ab0db5
    pantry-tree:
      size: 644
      sha256: c44291a150d8c050ac3d61a523daec20197a6184555787c3b2d7e6520d16c28f
  original:
    subdir: ihaskell-hvega
    url: https://github.com/DougBurke/hvega/archive/58a6861a3ebecdfe2ade149c1bff3064341fee33.tar.gz
- completed:
    hackage: sqlite-simple-0.4.18.0@sha256:3ceea56375c0a3590c814e411a4eb86943f8d31b93b110ca159c90689b6b39e5,3002
    pantry-tree:
      size: 1930
      sha256: e58b9955e483d51ee0966f8ba4384305d871480e2a38b32ee0fcd4573d74cf95
  original:
    hackage: sqlite-simple-0.4.18.0
- completed:
    hackage: store-0.7.4@sha256:ad89cd2f525bccece875423147d8a1f35cdf7a1fef1eb32a1db896e61848b70a,7825
    pantry-tree:
      size: 1292
      sha256: 1137f5d7e631636ff74cac4d223d6817cb229be99e5db4b555a988463a8ffa80
  original:
    hackage: store-0.7.4
- completed:
    hackage: store-core-0.4.4.2@sha256:11403cad88cf4f3675d49baf76cb5dd56363e786c7e25ef00fa57296af29a7b2,1444
    pantry-tree:
      size: 271
      sha256: 0db8705011f7f25d9e5f639c52ccce5fccb1de578de685def2b79e289d9de4cc
  original:
    hackage: store-core-0.4.4.2
- completed:
    hackage: th-utilities-0.2.4.0@sha256:ba19cd8441aa43dbaed40e9055bb5a7cbd7cf9e154f5253c6bf9293af8b1f96b,1869
    pantry-tree:
      size: 882
      sha256: 8c577d112a8398a5542aa4205b2e8a470a66d57590e6606d752d71e75d7425ea
  original:
    hackage: th-utilities-0.2.4.0
- completed:
    hackage: vinyl-0.12.2@sha256:cefc269fd137841861c13f28a3f20f5973ef24e9f1e6245b77b688f1cbd979de,3717
    pantry-tree:
      size: 1857
      sha256: 746367fcc06b7b1ffe5f55cc388df2daa3f5eb0f87b06f4e79582e3d16ef33a9
  original:
    hackage: vinyl-0.12.2
snapshots:
- completed:
    size: 532380
    url: https://raw.githubusercontent.com/commercialhaskell/stackage-snapshots/master/lts/16/16.yaml
    sha256: d6b004b095fe2a0b8b14fbc30014ee97e58843b9c9362ddb9244273dda62649e
  original: lts-16.16
