# This file was autogenerated by Stack.
# You should not edit this file by hand.
# For more information, please see the documentation at:
#   https://docs.haskellstack.org/en/stable/lock_files

packages:
- completed:
    hackage: aws-0.22@sha256:9e049e6687a84d9b310c74989757a5def1e28648ffc4dc5981dbc75d0f983d4d,15515
    pantry-tree:
      size: 7591
      sha256: a936900ef33f473a91b7396959dfc2cda9529e422986b192f9ad69cbb979a196
  original:
    hackage: aws-0.22
- completed:
    size: 197174
    subdir: kernmantle
    url: https://github.com/tweag/kernmantle/archive/19e018449f4fba68d383611a9d38a1b9e04e81ee.tar.gz
    name: kernmantle
    version: 0.1.0.0
    sha256: 60d67c2b2aefa0101687b515082e592247e0697d470151a62aeadbc9b1e9a36f
    pantry-tree:
      size: 882
      sha256: e1b9d0ddb6f2b50d094ba3689c4986c71ad2753624e43e65bc9632b91529ca21
  original:
    subdir: kernmantle
    url: https://github.com/tweag/kernmantle/archive/19e018449f4fba68d383611a9d38a1b9e04e81ee.tar.gz
- completed:
    size: 197174
    subdir: batteries
    url: https://github.com/tweag/kernmantle/archive/19e018449f4fba68d383611a9d38a1b9e04e81ee.tar.gz
    name: kernmantle-batteries
    version: 0.1.0.0
    sha256: 60d67c2b2aefa0101687b515082e592247e0697d470151a62aeadbc9b1e9a36f
    pantry-tree:
      size: 198
      sha256: 0856d72ebd1a13b2aa85904481b384f0ed560da814927d6d08422f3b0024ef9d
  original:
    subdir: batteries
    url: https://github.com/tweag/kernmantle/archive/19e018449f4fba68d383611a9d38a1b9e04e81ee.tar.gz
- completed:
    size: 197174
    subdir: caching
    url: https://github.com/tweag/kernmantle/archive/19e018449f4fba68d383611a9d38a1b9e04e81ee.tar.gz
    name: kernmantle-caching
    version: 0.1.0.0
    sha256: 60d67c2b2aefa0101687b515082e592247e0697d470151a62aeadbc9b1e9a36f
    pantry-tree:
      size: 323
      sha256: 80125bd7480e88d1b3e43839eda3401abb83d857eebc7c71c2dfb01ee5994faf
  original:
    subdir: caching
    url: https://github.com/tweag/kernmantle/archive/19e018449f4fba68d383611a9d38a1b9e04e81ee.tar.gz
- completed:
    size: 627991
    subdir: .
    url: https://github.com/gibiansky/IHaskell/archive/0ff0145c03f6665cfed426f900c9a7561c821c4f.tar.gz
    name: ihaskell
    version: 0.10.2.1
    sha256: 582703e9941171c5cf00afc4d9e7e6097c6fb634f6ab17a84136f7915cd5a872
    pantry-tree:
      size: 22113
      sha256: 987b6d0d4e9cdcc14a66f8af7b4427963a8562057af2e097496f7492baa6b485
  original:
    subdir: .
    url: https://github.com/gibiansky/IHaskell/archive/0ff0145c03f6665cfed426f900c9a7561c821c4f.tar.gz
- completed:
    size: 627991
    subdir: ipython-kernel
    url: https://github.com/gibiansky/IHaskell/archive/0ff0145c03f6665cfed426f900c9a7561c821c4f.tar.gz
    name: ipython-kernel
    version: 0.10.2.1
    sha256: 582703e9941171c5cf00afc4d9e7e6097c6fb634f6ab17a84136f7915cd5a872
    pantry-tree:
      size: 792
      sha256: 6e98aa7097c8a92fdc17b8526ad6307bae8b3029952b3e24d659faa6a8862df1
  original:
    subdir: ipython-kernel
    url: https://github.com/gibiansky/IHaskell/archive/0ff0145c03f6665cfed426f900c9a7561c821c4f.tar.gz
- completed:
    size: 627991
    subdir: ghc-parser
    url: https://github.com/gibiansky/IHaskell/archive/0ff0145c03f6665cfed426f900c9a7561c821c4f.tar.gz
    name: ghc-parser
    version: 0.2.3.0
    sha256: 582703e9941171c5cf00afc4d9e7e6097c6fb634f6ab17a84136f7915cd5a872
    pantry-tree:
      size: 654
      sha256: a9f35f080ed1ffeb683d326999a4262f2a7910d48e95f6c1142d5fe95a23c7c3
  original:
    subdir: ghc-parser
    url: https://github.com/gibiansky/IHaskell/archive/0ff0145c03f6665cfed426f900c9a7561c821c4f.tar.gz
- completed:
    size: 627991
    subdir: ihaskell-display/ihaskell-aeson
    url: https://github.com/gibiansky/IHaskell/archive/0ff0145c03f6665cfed426f900c9a7561c821c4f.tar.gz
    name: ihaskell-aeson
    version: 0.3.0.1
    sha256: 582703e9941171c5cf00afc4d9e7e6097c6fb634f6ab17a84136f7915cd5a872
    pantry-tree:
      size: 223
      sha256: a623867319b8f0ca52fe92593d87b7ebd6bdd10c3bc766b45f62855ed9e8b77e
  original:
    subdir: ihaskell-display/ihaskell-aeson
    url: https://github.com/gibiansky/IHaskell/archive/0ff0145c03f6665cfed426f900c9a7561c821c4f.tar.gz
- completed:
    size: 627991
    subdir: ihaskell-display/ihaskell-blaze
    url: https://github.com/gibiansky/IHaskell/archive/0ff0145c03f6665cfed426f900c9a7561c821c4f.tar.gz
    name: ihaskell-blaze
    version: 0.3.0.1
    sha256: 582703e9941171c5cf00afc4d9e7e6097c6fb634f6ab17a84136f7915cd5a872
    pantry-tree:
      size: 223
      sha256: 49433ec399b62d24879c14254f4b9153cf96664fe66418b0ff4ad2c98875082a
  original:
    subdir: ihaskell-display/ihaskell-blaze
    url: https://github.com/gibiansky/IHaskell/archive/0ff0145c03f6665cfed426f900c9a7561c821c4f.tar.gz
- completed:
    size: 627991
    subdir: ihaskell-display/ihaskell-charts
    url: https://github.com/gibiansky/IHaskell/archive/0ff0145c03f6665cfed426f900c9a7561c821c4f.tar.gz
    name: ihaskell-charts
    version: 0.3.0.1
    sha256: 582703e9941171c5cf00afc4d9e7e6097c6fb634f6ab17a84136f7915cd5a872
    pantry-tree:
      size: 278
      sha256: 672c2ca28133527b4124874df507ce4fea9479ca002a5aebb908534e1abb9062
  original:
    subdir: ihaskell-display/ihaskell-charts
    url: https://github.com/gibiansky/IHaskell/archive/0ff0145c03f6665cfed426f900c9a7561c821c4f.tar.gz
- completed:
    size: 627991
    subdir: ihaskell-display/ihaskell-diagrams
    url: https://github.com/gibiansky/IHaskell/archive/0ff0145c03f6665cfed426f900c9a7561c821c4f.tar.gz
    name: ihaskell-diagrams
    version: 0.3.2.1
    sha256: 582703e9941171c5cf00afc4d9e7e6097c6fb634f6ab17a84136f7915cd5a872
    pantry-tree:
      size: 449
      sha256: e392de2a60cd7da067def520dd5cacfa7f9f26be38e0c55def6b540efd6d195c
  original:
    subdir: ihaskell-display/ihaskell-diagrams
    url: https://github.com/gibiansky/IHaskell/archive/0ff0145c03f6665cfed426f900c9a7561c821c4f.tar.gz
- completed:
    size: 627991
    subdir: ihaskell-display/ihaskell-gnuplot
    url: https://github.com/gibiansky/IHaskell/archive/0ff0145c03f6665cfed426f900c9a7561c821c4f.tar.gz
    name: ihaskell-gnuplot
    version: 0.1.0.1
    sha256: 582703e9941171c5cf00afc4d9e7e6097c6fb634f6ab17a84136f7915cd5a872
    pantry-tree:
      size: 290
      sha256: 8e70db782a435502d8f17b44def831e3c56c4da8a297a29c188f964da4cf30fd
  original:
    subdir: ihaskell-display/ihaskell-gnuplot
    url: https://github.com/gibiansky/IHaskell/archive/0ff0145c03f6665cfed426f900c9a7561c821c4f.tar.gz
- completed:
    size: 627991
    subdir: ihaskell-display/ihaskell-hatex
    url: https://github.com/gibiansky/IHaskell/archive/0ff0145c03f6665cfed426f900c9a7561c821c4f.tar.gz
    name: ihaskell-hatex
    version: 0.2.1.1
    sha256: 582703e9941171c5cf00afc4d9e7e6097c6fb634f6ab17a84136f7915cd5a872
    pantry-tree:
      size: 270
      sha256: 65f8aceba35d40496d41ae89af624bef67fe9bf17e6ae2eaefbe5599dbeddd2f
  original:
    subdir: ihaskell-display/ihaskell-hatex
    url: https://github.com/gibiansky/IHaskell/archive/0ff0145c03f6665cfed426f900c9a7561c821c4f.tar.gz
- completed:
    size: 627991
    subdir: ihaskell-display/ihaskell-juicypixels
    url: https://github.com/gibiansky/IHaskell/archive/0ff0145c03f6665cfed426f900c9a7561c821c4f.tar.gz
    name: ihaskell-juicypixels
    version: 1.1.0.1
    sha256: 582703e9941171c5cf00afc4d9e7e6097c6fb634f6ab17a84136f7915cd5a872
    pantry-tree:
      size: 287
      sha256: f234760b24b0a2f750cf1f7c0213e3c0d1d15adba235813fdfa87355e31abcd3
  original:
    subdir: ihaskell-display/ihaskell-juicypixels
    url: https://github.com/gibiansky/IHaskell/archive/0ff0145c03f6665cfed426f900c9a7561c821c4f.tar.gz
- completed:
    size: 627991
    subdir: ihaskell-display/ihaskell-magic
    url: https://github.com/gibiansky/IHaskell/archive/0ff0145c03f6665cfed426f900c9a7561c821c4f.tar.gz
    name: ihaskell-magic
    version: 0.3.0.1
    sha256: 582703e9941171c5cf00afc4d9e7e6097c6fb634f6ab17a84136f7915cd5a872
    pantry-tree:
      size: 273
      sha256: 95ded18ca9c8f34e43c04ceb83aa2d1e9cd5be885216cf5c30bb728f7b1283d8
  original:
    subdir: ihaskell-display/ihaskell-magic
    url: https://github.com/gibiansky/IHaskell/archive/0ff0145c03f6665cfed426f900c9a7561c821c4f.tar.gz
- completed:
    size: 627991
    subdir: ihaskell-display/ihaskell-widgets
    url: https://github.com/gibiansky/IHaskell/archive/0ff0145c03f6665cfed426f900c9a7561c821c4f.tar.gz
    name: ihaskell-widgets
    version: 0.3.1.0
    sha256: 582703e9941171c5cf00afc4d9e7e6097c6fb634f6ab17a84136f7915cd5a872
    pantry-tree:
      size: 6864
      sha256: b489d46b00733e173a38fa228594b0839384be660a2b42cb2e2347fb0b17bce8
  original:
    subdir: ihaskell-display/ihaskell-widgets
    url: https://github.com/gibiansky/IHaskell/archive/0ff0145c03f6665cfed426f900c9a7561c821c4f.tar.gz
- completed:
    size: 8232958
    subdir: ihaskell-hvega
    url: https://github.com/DougBurke/hvega/archive/8348642a9bd9e05b2966f29ef114e673fe26a37c.tar.gz
    name: ihaskell-hvega
    version: 0.4.0.0
    sha256: f3b9aa5b83b323643d294fb729dde2f694aa6be43d01de1287a6be7922285bd3
    pantry-tree:
      size: 586
      sha256: 6ab8aad3c87574166e836109baca4a93d8132aeb8d3df30fd2dc0c3743998f55
  original:
    subdir: ihaskell-hvega
    url: https://github.com/DougBurke/hvega/archive/8348642a9bd9e05b2966f29ef114e673fe26a37c.tar.gz
snapshots:
- completed:
    size: 619399
    url: https://raw.githubusercontent.com/commercialhaskell/stackage-snapshots/master/lts/19/23.yaml
    sha256: f5d9002479d87103fd070f17cfe71fcd2147676f1e47a2dabca5ab91a42b846d
  original: lts-19.23
