# This file was autogenerated by Stack.
# You should not edit this file by hand.
# For more information, please see the documentation at:
#   https://docs.haskellstack.org/en/stable/lock_files

packages:
- completed:
    hackage: aws-0.22@sha256:dbf0feaa2c9ea227f2649caab042a4729b75fd87f7e83031cbe3fc4d2eac6639,14969
    pantry-tree:
      size: 7591
      sha256: c334e3c7c96120976877cca73265e3c7b70c09fd785d3a9613e665344867020a
  original:
    hackage: aws-0.22
- completed:
    hackage: direct-sqlite-2.3.26@sha256:04e835402f1508abca383182023e4e2b9b86297b8533afbd4e57d1a5652e0c23,3718
    pantry-tree:
      size: 770
      sha256: 11874ab21e10c5b54cd1e02a037b677dc1e2ee9986f38c599612c56654dc01c3
  original:
    hackage: direct-sqlite-2.3.26
- completed:
    size: 60698
    url: https://github.com/jgm/cheapskate/archive/7287cfd8f08c4c49e4ad4f300b5b19c4377cb094.tar.gz
    name: cheapskate
    version: 0.1.1.2
    sha256: ddd4607a791d3f9a99196e988460c9183b635ad5587d96817d7a5051b766e9c3
    pantry-tree:
      size: 12002
      sha256: 1d40da8909e4f94679560da7d194641bf1e4d21154606acbf3294c5bf3c0491b
  original:
    url: https://github.com/jgm/cheapskate/archive/7287cfd8f08c4c49e4ad4f300b5b19c4377cb094.tar.gz
- completed:
    size: 150254
    subdir: inliterate
    url: https://github.com/diffusionkinetics/open/archive/673d9a4a099abd9035ccc21e37d8e614a45a1901.tar.gz
    name: inliterate
    version: 0.1.0
    sha256: e833e0a24d9f2ab49a833b82a240938fd9f0583c3c74b4f07b3d739ea738da0e
    pantry-tree:
      size: 669
      sha256: 6bb8e17b793794ff0d7c46f1f174cba6fdef6dd6472cd05d2d1ebc48eef079be
  original:
    subdir: inliterate
    url: https://github.com/diffusionkinetics/open/archive/673d9a4a099abd9035ccc21e37d8e614a45a1901.tar.gz
- completed:
    size: 38444
    subdir: kernmantle
    url: https://github.com/tweag/kernmantle/archive/79e5cf5ecfe73f41206aa78930256a2f171bc9b8.tar.gz
    name: kernmantle
    version: 0.1.0.0
    sha256: baff549e8c0d430769d4b6873b1dfca38fd50b1be0376c42a732b7182c627357
    pantry-tree:
      size: 882
      sha256: e1b9d0ddb6f2b50d094ba3689c4986c71ad2753624e43e65bc9632b91529ca21
  original:
    subdir: kernmantle
    url: https://github.com/tweag/kernmantle/archive/79e5cf5ecfe73f41206aa78930256a2f171bc9b8.tar.gz
- completed:
    size: 38444
    subdir: batteries
    url: https://github.com/tweag/kernmantle/archive/79e5cf5ecfe73f41206aa78930256a2f171bc9b8.tar.gz
    name: kernmantle-batteries
    version: 0.1.0.0
    sha256: baff549e8c0d430769d4b6873b1dfca38fd50b1be0376c42a732b7182c627357
    pantry-tree:
      size: 198
      sha256: 0856d72ebd1a13b2aa85904481b384f0ed560da814927d6d08422f3b0024ef9d
  original:
    subdir: batteries
    url: https://github.com/tweag/kernmantle/archive/79e5cf5ecfe73f41206aa78930256a2f171bc9b8.tar.gz
- completed:
    size: 38444
    subdir: caching
    url: https://github.com/tweag/kernmantle/archive/79e5cf5ecfe73f41206aa78930256a2f171bc9b8.tar.gz
    name: kernmantle-caching
    version: 0.1.0.0
    sha256: baff549e8c0d430769d4b6873b1dfca38fd50b1be0376c42a732b7182c627357
    pantry-tree:
      size: 323
      sha256: f6f382b4143881d83e0ce12789db89e7bdde8a8f0084c4543fcaa7cc5cde2c5e
  original:
    subdir: caching
    url: https://github.com/tweag/kernmantle/archive/79e5cf5ecfe73f41206aa78930256a2f171bc9b8.tar.gz
- completed:
    hackage: sqlite-simple-0.4.18.0@sha256:3ceea56375c0a3590c814e411a4eb86943f8d31b93b110ca159c90689b6b39e5,3002
    pantry-tree:
      size: 1930
      sha256: e58b9955e483d51ee0966f8ba4384305d871480e2a38b32ee0fcd4573d74cf95
  original:
    hackage: sqlite-simple-0.4.18.0
- completed:
    hackage: store-0.7.4@sha256:ad89cd2f525bccece875423147d8a1f35cdf7a1fef1eb32a1db896e61848b70a,7825
    pantry-tree:
      size: 1292
      sha256: 1137f5d7e631636ff74cac4d223d6817cb229be99e5db4b555a988463a8ffa80
  original:
    hackage: store-0.7.4
- completed:
    hackage: store-core-0.4.4.2@sha256:11403cad88cf4f3675d49baf76cb5dd56363e786c7e25ef00fa57296af29a7b2,1444
    pantry-tree:
      size: 271
      sha256: 0db8705011f7f25d9e5f639c52ccce5fccb1de578de685def2b79e289d9de4cc
  original:
    hackage: store-core-0.4.4.2
- completed:
    hackage: th-utilities-0.2.4.0@sha256:ba19cd8441aa43dbaed40e9055bb5a7cbd7cf9e154f5253c6bf9293af8b1f96b,1869
    pantry-tree:
      size: 882
      sha256: 8c577d112a8398a5542aa4205b2e8a470a66d57590e6606d752d71e75d7425ea
  original:
    hackage: th-utilities-0.2.4.0
- completed:
    hackage: vinyl-0.12.2@sha256:cefc269fd137841861c13f28a3f20f5973ef24e9f1e6245b77b688f1cbd979de,3717
    pantry-tree:
      size: 1857
      sha256: 746367fcc06b7b1ffe5f55cc388df2daa3f5eb0f87b06f4e79582e3d16ef33a9
  original:
    hackage: vinyl-0.12.2
snapshots:
- completed:
    size: 496111
    url: https://raw.githubusercontent.com/commercialhaskell/stackage-snapshots/master/lts/15/14.yaml
    sha256: c442d702d66b8c129b3473a32c609050aabf1dc2f8e8502402c143271a8fb141
  original: lts-15.14
